
Microsoft Visual Studio Solution File, Format Version 12.00
# Visual Studio Version 16
VisualStudioVersion = 16.0.30717.126
MinimumVisualStudioVersion = 10.0.40219.1
Project("{FAE04EC0-301F-11D3-BF4B-00C04F79EFBC}") = "microFrameWork.Web", "microFrameWork.Web\microFrameWork.Web.csproj", "{277D03BD-567B-4103-8D0B-EE1E0A22EE9B}"
EndProject
Global
	GlobalSection(SolutionConfigurationPlatforms) = preSolution
		Debug|Any CPU = Debug|Any CPU
		Release|Any CPU = Release|Any CPU
	EndGlobalSection
	GlobalSection(ProjectConfigurationPlatforms) = postSolution
		{277D03BD-567B-4103-8D0B-EE1E0A22EE9B}.Debug|Any CPU.ActiveCfg = Debug|Any CPU
		{277D03BD-567B-4103-8D0B-EE1E0A22EE9B}.Debug|Any CPU.Build.0 = Debug|Any CPU
		{277D03BD-567B-4103-8D0B-EE1E0A22EE9B}.Release|Any CPU.ActiveCfg = Release|Any CPU
		{277D03BD-567B-4103-8D0B-EE1E0A22EE9B}.Release|Any CPU.Build.0 = Release|Any CPU
	EndGlobalSection
	GlobalSection(SolutionProperties) = preSolution
		HideSolutionNode = FALSE
	EndGlobalSection
	GlobalSection(ExtensibilityGlobals) = postSolution
		SolutionGuid = {EE95B53A-031E-4AF1-B2F7-DF2A82AD71AB}
	EndGlobalSection
EndGlobal
